// !$*UTF8*$!
{
	archiveVersion = 1;
	classes = {
	};
	objectVersion = 56;
	objects = {

/* Begin PBXBuildFile section */
		4CC772492A5F7CBE0027C645 /* FacebookcloneApp.swift in Sources */ = {isa = PBXBuildFile; fileRef = 4CC772482A5F7CBE0027C645 /* FacebookcloneApp.swift */; };
		4CC7724D2A5F7CBF0027C645 /* Assets.xcassets in Resources */ = {isa = PBXBuildFile; fileRef = 4CC7724C2A5F7CBF0027C645 /* Assets.xcassets */; };
		4CC772502A5F7CBF0027C645 /* Preview Assets.xcassets in Resources */ = {isa = PBXBuildFile; fileRef = 4CC7724F2A5F7CBF0027C645 /* Preview Assets.xcassets */; };
		4CC7725A2A5F7CBF0027C645 /* FacebookcloneTests.swift in Sources */ = {isa = PBXBuildFile; fileRef = 4CC772592A5F7CBF0027C645 /* FacebookcloneTests.swift */; };
		4CC772642A5F7CBF0027C645 /* FacebookcloneUITests.swift in Sources */ = {isa = PBXBuildFile; fileRef = 4CC772632A5F7CBF0027C645 /* FacebookcloneUITests.swift */; };
		4CC772662A5F7CBF0027C645 /* FacebookcloneUITestsLaunchTests.swift in Sources */ = {isa = PBXBuildFile; fileRef = 4CC772652A5F7CBF0027C645 /* FacebookcloneUITestsLaunchTests.swift */; };
		4CC772762A60E4140027C645 /* ContentView.swift in Sources */ = {isa = PBXBuildFile; fileRef = 4CC772752A60E4140027C645 /* ContentView.swift */; };
/* End PBXBuildFile section */

/* Begin PBXContainerItemProxy section */
		4CC772562A5F7CBF0027C645 /* PBXContainerItemProxy */ = {
			isa = PBXContainerItemProxy;
			containerPortal = 4CC7723D2A5F7CBE0027C645 /* Project object */;
			proxyType = 1;
			remoteGlobalIDString = 4CC772442A5F7CBE0027C645;
			remoteInfo = Facebookclone;
		};
		4CC772602A5F7CBF0027C645 /* PBXContainerItemProxy */ = {
			isa = PBXContainerItemProxy;
			containerPortal = 4CC7723D2A5F7CBE0027C645 /* Project object */;
			proxyType = 1;
			remoteGlobalIDString = 4CC772442A5F7CBE0027C645;
			remoteInfo = Facebookclone;
		};
/* End PBXContainerItemProxy section */

/* Begin PBXFileReference section */
		4CC772452A5F7CBE0027C645 /* Facebookclone.app */ = {isa = PBXFileReference; explicitFileType = wrapper.application; includeInIndex = 0; path = Facebookclone.app; sourceTree = BUILT_PRODUCTS_DIR; };
		4CC772482A5F7CBE0027C645 /* FacebookcloneApp.swift */ = {isa = PBXFileReference; lastKnownFileType = sourcecode.swift; path = FacebookcloneApp.swift; sourceTree = "<group>"; };
		4CC7724C2A5F7CBF0027C645 /* Assets.xcassets */ = {isa = PBXFileReference; lastKnownFileType = folder.assetcatalog; path = Assets.xcassets; sourceTree = "<group>"; };
		4CC7724F2A5F7CBF0027C645 /* Preview Assets.xcassets */ = {isa = PBXFileReference; lastKnownFileType = folder.assetcatalog; path = "Preview Assets.xcassets"; sourceTree = "<group>"; };
		4CC772552A5F7CBF0027C645 /* FacebookcloneTests.xctest */ = {isa = PBXFileReference; explicitFileType = wrapper.cfbundle; includeInIndex = 0; path = FacebookcloneTests.xctest; sourceTree = BUILT_PRODUCTS_DIR; };
		4CC772592A5F7CBF0027C645 /* FacebookcloneTests.swift */ = {isa = PBXFileReference; lastKnownFileType = sourcecode.swift; path = FacebookcloneTests.swift; sourceTree = "<group>"; };
		4CC7725F2A5F7CBF0027C645 /* FacebookcloneUITests.xctest */ = {isa = PBXFileReference; explicitFileType = wrapper.cfbundle; includeInIndex = 0; path = FacebookcloneUITests.xctest; sourceTree = BUILT_PRODUCTS_DIR; };
		4CC772632A5F7CBF0027C645 /* FacebookcloneUITests.swift */ = {isa = PBXFileReference; lastKnownFileType = sourcecode.swift; path = FacebookcloneUITests.swift; sourceTree = "<group>"; };
		4CC772652A5F7CBF0027C645 /* FacebookcloneUITestsLaunchTests.swift */ = {isa = PBXFileReference; lastKnownFileType = sourcecode.swift; path = FacebookcloneUITestsLaunchTests.swift; sourceTree = "<group>"; };
		4CC772752A60E4140027C645 /* ContentView.swift */ = {isa = PBXFileReference; lastKnownFileType = sourcecode.swift; path = ContentView.swift; sourceTree = "<group>"; };
/* End PBXFileReference section */

/* Begin PBXFrameworksBuildPhase section */
		4CC772422A5F7CBE0027C645 /* Frameworks */ = {
			isa = PBXFrameworksBuildPhase;
			buildActionMask = 2147483647;
			files = (
			);
			runOnlyForDeploymentPostprocessing = 0;
		};
		4CC772522A5F7CBF0027C645 /* Frameworks */ = {
			isa = PBXFrameworksBuildPhase;
			buildActionMask = 2147483647;
			files = (
			);
			runOnlyForDeploymentPostprocessing = 0;
		};
		4CC7725C2A5F7CBF0027C645 /* Frameworks */ = {
			isa = PBXFrameworksBuildPhase;
			buildActionMask = 2147483647;
			files = (
			);
			runOnlyForDeploymentPostprocessing = 0;
		};
/* End PBXFrameworksBuildPhase section */

/* Begin PBXGroup section */
		4CC7723C2A5F7CBE0027C645 = {
			isa = PBXGroup;
			children = (
				4CC772472A5F7CBE0027C645 /* Facebookclone */,
				4CC772582A5F7CBF0027C645 /* FacebookcloneTests */,
				4CC772622A5F7CBF0027C645 /* FacebookcloneUITests */,
				4CC772462A5F7CBE0027C645 /* Products */,
			);
			sourceTree = "<group>";
		};
		4CC772462A5F7CBE0027C645 /* Products */ = {
			isa = PBXGroup;
			children = (
				4CC772452A5F7CBE0027C645 /* Facebookclone.app */,
				4CC772552A5F7CBF0027C645 /* FacebookcloneTests.xctest */,
				4CC7725F2A5F7CBF0027C645 /* FacebookcloneUITests.xctest */,
			);
			name = Products;
			sourceTree = "<group>";
		};
		4CC772472A5F7CBE0027C645 /* Facebookclone */ = {
			isa = PBXGroup;
			children = (
				4CC772752A60E4140027C645 /* ContentView.swift */,
				4CC772482A5F7CBE0027C645 /* FacebookcloneApp.swift */,
				4CC7724C2A5F7CBF0027C645 /* Assets.xcassets */,
				4CC7724E2A5F7CBF0027C645 /* Preview Content */,
			);
			path = Facebookclone;
			sourceTree = "<group>";
		};
		4CC7724E2A5F7CBF0027C645 /* Preview Content */ = {
			isa = PBXGroup;
			children = (
				4CC7724F2A5F7CBF0027C645 /* Preview Assets.xcassets */,
			);
			path = "Preview Content";
			sourceTree = "<group>";
		};
		4CC772582A5F7CBF0027C645 /* FacebookcloneTests */ = {
			isa = PBXGroup;
			children = (
				4CC772592A5F7CBF0027C645 /* FacebookcloneTests.swift */,
			);
			path = FacebookcloneTests;
			sourceTree = "<group>";
		};
		4CC772622A5F7CBF0027C645 /* FacebookcloneUITests */ = {
			isa = PBXGroup;
			children = (
				4CC772632A5F7CBF0027C645 /* FacebookcloneUITests.swift */,
				4CC772652A5F7CBF0027C645 /* FacebookcloneUITestsLaunchTests.swift */,
			);
			path = FacebookcloneUITests;
			sourceTree = "<group>";
		};
/* End PBXGroup section */

/* Begin PBXNativeTarget section */
		4CC772442A5F7CBE0027C645 /* Facebookclone */ = {
			isa = PBXNativeTarget;
			buildConfigurationList = 4CC772692A5F7CBF0027C645 /* Build configuration list for PBXNativeTarget "Facebookclone" */;
			buildPhases = (
				4CC772412A5F7CBE0027C645 /* Sources */,
				4CC772422A5F7CBE0027C645 /* Frameworks */,
				4CC772432A5F7CBE0027C645 /* Resources */,
			);
			buildRules = (
			);
			dependencies = (
			);
			name = Facebookclone;
			productName = Facebookclone;
			productReference = 4CC772452A5F7CBE0027C645 /* Facebookclone.app */;
			productType = "com.apple.product-type.application";
		};
		4CC772542A5F7CBF0027C645 /* FacebookcloneTests */ = {
			isa = PBXNativeTarget;
			buildConfigurationList = 4CC7726C2A5F7CBF0027C645 /* Build configuration list for PBXNativeTarget "FacebookcloneTests" */;
			buildPhases = (
				4CC772512A5F7CBF0027C645 /* Sources */,
				4CC772522A5F7CBF0027C645 /* Frameworks */,
				4CC772532A5F7CBF0027C645 /* Resources */,
			);
			buildRules = (
			);
			dependencies = (
				4CC772572A5F7CBF0027C645 /* PBXTargetDependency */,
			);
			name = FacebookcloneTests;
			productName = FacebookcloneTests;
			productReference = 4CC772552A5F7CBF0027C645 /* FacebookcloneTests.xctest */;
			productType = "com.apple.product-type.bundle.unit-test";
		};
		4CC7725E2A5F7CBF0027C645 /* FacebookcloneUITests */ = {
			isa = PBXNativeTarget;
			buildConfigurationList = 4CC7726F2A5F7CBF0027C645 /* Build configuration list for PBXNativeTarget "FacebookcloneUITests" */;
			buildPhases = (
				4CC7725B2A5F7CBF0027C645 /* Sources */,
				4CC7725C2A5F7CBF0027C645 /* Frameworks */,
				4CC7725D2A5F7CBF0027C645 /* Resources */,
			);
			buildRules = (
			);
			dependencies = (
				4CC772612A5F7CBF0027C645 /* PBXTargetDependency */,
			);
			name = FacebookcloneUITests;
			productName = FacebookcloneUITests;
			productReference = 4CC7725F2A5F7CBF0027C645 /* FacebookcloneUITests.xctest */;
			productType = "com.apple.product-type.bundle.ui-testing";
		};
/* End PBXNativeTarget section */

/* Begin PBXProject section */
		4CC7723D2A5F7CBE0027C645 /* Project object */ = {
			isa = PBXProject;
			attributes = {
				BuildIndependentTargetsInParallel = 1;
				LastSwiftUpdateCheck = 1430;
				LastUpgradeCheck = 1430;
				TargetAttributes = {
					4CC772442A5F7CBE0027C645 = {
						CreatedOnToolsVersion = 14.3.1;
					};
					4CC772542A5F7CBF0027C645 = {
						CreatedOnToolsVersion = 14.3.1;
						TestTargetID = 4CC772442A5F7CBE0027C645;
					};
					4CC7725E2A5F7CBF0027C645 = {
						CreatedOnToolsVersion = 14.3.1;
						TestTargetID = 4CC772442A5F7CBE0027C645;
					};
				};
			};
			buildConfigurationList = 4CC772402A5F7CBE0027C645 /* Build configuration list for PBXProject "Facebookclone" */;
			compatibilityVersion = "Xcode 14.0";
			developmentRegion = en;
			hasScannedForEncodings = 0;
			knownRegions = (
				en,
				Base,
			);
			mainGroup = 4CC7723C2A5F7CBE0027C645;
			productRefGroup = 4CC772462A5F7CBE0027C645 /* Products */;
			projectDirPath = "";
			projectRoot = "";
			targets = (
				4CC772442A5F7CBE0027C645 /* Facebookclone */,
				4CC772542A5F7CBF0027C645 /* FacebookcloneTests */,
				4CC7725E2A5F7CBF0027C645 /* FacebookcloneUITests */,
			);
		};
/* End PBXProject section */

/* Begin PBXResourcesBuildPhase section */
		4CC772432A5F7CBE0027C645 /* Resources */ = {
			isa = PBXResourcesBuildPhase;
			buildActionMask = 2147483647;
			files = (
				4CC772502A5F7CBF0027C645 /* Preview Assets.xcassets in Resources */,
				4CC7724D2A5F7CBF0027C645 /* Assets.xcassets in Resources */,
			);
			runOnlyForDeploymentPostprocessing = 0;
		};
		4CC772532A5F7CBF0027C645 /* Resources */ = {
			isa = PBXResourcesBuildPhase;
			buildActionMask = 2147483647;
			files = (
			);
			runOnlyForDeploymentPostprocessing = 0;
		};
		4CC7725D2A5F7CBF0027C645 /* Resources */ = {
			isa = PBXResourcesBuildPhase;
			buildActionMask = 2147483647;
			files = (
			);
			runOnlyForDeploymentPostprocessing = 0;
		};
/* End PBXResourcesBuildPhase section */

/* Begin PBXSourcesBuildPhase section */
		4CC772412A5F7CBE0027C645 /* Sources */ = {
			isa = PBXSourcesBuildPhase;
			buildActionMask = 2147483647;
			files = (
				4CC772762A60E4140027C645 /* ContentView.swift in Sources */,
				4CC772492A5F7CBE0027C645 /* FacebookcloneApp.swift in Sources */,
			);
			runOnlyForDeploymentPostprocessing = 0;
		};
		4CC772512A5F7CBF0027C645 /* Sources */ = {
			isa = PBXSourcesBuildPhase;
			buildActionMask = 2147483647;
			files = (
				4CC7725A2A5F7CBF0027C645 /* FacebookcloneTests.swift in Sources */,
			);
			runOnlyForDeploymentPostprocessing = 0;
		};
		4CC7725B2A5F7CBF0027C645 /* Sources */ = {
			isa = PBXSourcesBuildPhase;
			buildActionMask = 2147483647;
			files = (
				4CC772662A5F7CBF0027C645 /* FacebookcloneUITestsLaunchTests.swift in Sources */,
				4CC772642A5F7CBF0027C645 /* FacebookcloneUITests.swift in Sources */,
			);
			runOnlyForDeploymentPostprocessing = 0;
		};
/* End PBXSourcesBuildPhase section */

/* Begin PBXTargetDependency section */
		4CC772572A5F7CBF0027C645 /* PBXTargetDependency */ = {
			isa = PBXTargetDependency;
			target = 4CC772442A5F7CBE0027C645 /* Facebookclone */;
			targetProxy = 4CC772562A5F7CBF0027C645 /* PBXContainerItemProxy */;
		};
		4CC772612A5F7CBF0027C645 /* PBXTargetDependency */ = {
			isa = PBXTargetDependency;
			target = 4CC772442A5F7CBE0027C645 /* Facebookclone */;
			targetProxy = 4CC772602A5F7CBF0027C645 /* PBXContainerItemProxy */;
		};
/* End PBXTargetDependency section */

/* Begin XCBuildConfiguration section */
		4CC772672A5F7CBF0027C645 /* Debug */ = {
			isa = XCBuildConfiguration;
			buildSettings = {
				ALWAYS_SEARCH_USER_PATHS = NO;
				CLANG_ANALYZER_NONNULL = YES;
				CLANG_ANALYZER_NUMBER_OBJECT_CONVERSION = YES_AGGRESSIVE;
				CLANG_CXX_LANGUAGE_STANDARD = "gnu++20";
				CLANG_ENABLE_MODULES = YES;
				CLANG_ENABLE_OBJC_ARC = YES;
				CLANG_ENABLE_OBJC_WEAK = YES;
				CLANG_WARN_BLOCK_CAPTURE_AUTORELEASING = YES;
				CLANG_WARN_BOOL_CONVERSION = YES;
				CLANG_WARN_COMMA = YES;
				CLANG_WARN_CONSTANT_CONVERSION = YES;
				CLANG_WARN_DEPRECATED_OBJC_IMPLEMENTATIONS = YES;
				CLANG_WARN_DIRECT_OBJC_ISA_USAGE = YES_ERROR;
				CLANG_WARN_DOCUMENTATION_COMMENTS = YES;
				CLANG_WARN_EMPTY_BODY = YES;
				CLANG_WARN_ENUM_CONVERSION = YES;
				CLANG_WARN_INFINITE_RECURSION = YES;
				CLANG_WARN_INT_CONVERSION = YES;
				CLANG_WARN_NON_LITERAL_NULL_CONVERSION = YES;
				CLANG_WARN_OBJC_IMPLICIT_RETAIN_SELF = YES;
				CLANG_WARN_OBJC_LITERAL_CONVERSION = YES;
				CLANG_WARN_OBJC_ROOT_CLASS = YES_ERROR;
				CLANG_WARN_QUOTED_INCLUDE_IN_FRAMEWORK_HEADER = YES;
				CLANG_WARN_RANGE_LOOP_ANALYSIS = YES;
				CLANG_WARN_STRICT_PROTOTYPES = YES;
				CLANG_WARN_SUSPICIOUS_MOVE = YES;
				CLANG_WARN_UNGUARDED_AVAILABILITY = YES_AGGRESSIVE;
				CLANG_WARN_UNREACHABLE_CODE = YES;
				CLANG_WARN__DUPLICATE_METHOD_MATCH = YES;
				COPY_PHASE_STRIP = NO;
				DEBUG_INFORMATION_FORMAT = dwarf;
				ENABLE_STRICT_OBJC_MSGSEND = YES;
				ENABLE_TESTABILITY = YES;
				GCC_C_LANGUAGE_STANDARD = gnu11;
				GCC_DYNAMIC_NO_PIC = NO;
				GCC_NO_COMMON_BLOCKS = YES;
				GCC_OPTIMIZATION_LEVEL = 0;
				GCC_PREPROCESSOR_DEFINITIONS = (
					"DEBUG=1",
					"$(inherited)",
				);
				GCC_WARN_64_TO_32_BIT_CONVERSION = YES;
				GCC_WARN_ABOUT_RETURN_TYPE = YES_ERROR;
				GCC_WARN_UNDECLARED_SELECTOR = YES;
				GCC_WARN_UNINITIALIZED_AUTOS = YES_AGGRESSIVE;
				GCC_WARN_UNUSED_FUNCTION = YES;
				GCC_WARN_UNUSED_VARIABLE = YES;
				IPHONEOS_DEPLOYMENT_TARGET = 16.4;
				MTL_ENABLE_DEBUG_INFO = INCLUDE_SOURCE;
				MTL_FAST_MATH = YES;
				ONLY_ACTIVE_ARCH = YES;
				SDKROOT = iphoneos;
				SWIFT_ACTIVE_COMPILATION_CONDITIONS = DEBUG;
				SWIFT_OPTIMIZATION_LEVEL = "-Onone";
			};
			name = Debug;
		};
		4CC772682A5F7CBF0027C645 /* Release */ = {
			isa = XCBuildConfiguration;
			buildSettings = {
				ALWAYS_SEARCH_USER_PATHS = NO;
				CLANG_ANALYZER_NONNULL = YES;
				CLANG_ANALYZER_NUMBER_OBJECT_CONVERSION = YES_AGGRESSIVE;
				CLANG_CXX_LANGUAGE_STANDARD = "gnu++20";
				CLANG_ENABLE_MODULES = YES;
				CLANG_ENABLE_OBJC_ARC = YES;
				CLANG_ENABLE_OBJC_WEAK = YES;
				CLANG_WARN_BLOCK_CAPTURE_AUTORELEASING = YES;
				CLANG_WARN_BOOL_CONVERSION = YES;
				CLANG_WARN_COMMA = YES;
				CLANG_WARN_CONSTANT_CONVERSION = YES;
				CLANG_WARN_DEPRECATED_OBJC_IMPLEMENTATIONS = YES;
				CLANG_WARN_DIRECT_OBJC_ISA_USAGE = YES_ERROR;
				CLANG_WARN_DOCUMENTATION_COMMENTS = YES;
				CLANG_WARN_EMPTY_BODY = YES;
				CLANG_WARN_ENUM_CONVERSION = YES;
				CLANG_WARN_INFINITE_RECURSION = YES;
				CLANG_WARN_INT_CONVERSION = YES;
				CLANG_WARN_NON_LITERAL_NULL_CONVERSION = YES;
				CLANG_WARN_OBJC_IMPLICIT_RETAIN_SELF = YES;
				CLANG_WARN_OBJC_LITERAL_CONVERSION = YES;
				CLANG_WARN_OBJC_ROOT_CLASS = YES_ERROR;
				CLANG_WARN_QUOTED_INCLUDE_IN_FRAMEWORK_HEADER = YES;
				CLANG_WARN_RANGE_LOOP_ANALYSIS = YES;
				CLANG_WARN_STRICT_PROTOTYPES = YES;
				CLANG_WARN_SUSPICIOUS_MOVE = YES;
				CLANG_WARN_UNGUARDED_AVAILABILITY = YES_AGGRESSIVE;
				CLANG_WARN_UNREACHABLE_CODE = YES;
				CLANG_WARN__DUPLICATE_METHOD_MATCH = YES;
				COPY_PHASE_STRIP = NO;
				DEBUG_INFORMATION_FORMAT = "dwarf-with-dsym";
				ENABLE_NS_ASSERTIONS = NO;
				ENABLE_STRICT_OBJC_MSGSEND = YES;
				GCC_C_LANGUAGE_STANDARD = gnu11;
				GCC_NO_COMMON_BLOCKS = YES;
				GCC_WARN_64_TO_32_BIT_CONVERSION = YES;
				GCC_WARN_ABOUT_RETURN_TYPE = YES_ERROR;
				GCC_WARN_UNDECLARED_SELECTOR = YES;
				GCC_WARN_UNINITIALIZED_AUTOS = YES_AGGRESSIVE;
				GCC_WARN_UNUSED_FUNCTION = YES;
				GCC_WARN_UNUSED_VARIABLE = YES;
				IPHONEOS_DEPLOYMENT_TARGET = 16.4;
				MTL_ENABLE_DEBUG_INFO = NO;
				MTL_FAST_MATH = YES;
				SDKROOT = iphoneos;
				SWIFT_COMPILATION_MODE = wholemodule;
				SWIFT_OPTIMIZATION_LEVEL = "-O";
				VALIDATE_PRODUCT = YES;
			};
			name = Release;
		};
		4CC7726A2A5F7CBF0027C645 /* Debug */ = {
			isa = XCBuildConfiguration;
			buildSettings = {
				ASSETCATALOG_COMPILER_APPICON_NAME = AppIcon;
				ASSETCATALOG_COMPILER_GLOBAL_ACCENT_COLOR_NAME = AccentColor;
				CODE_SIGN_STYLE = Automatic;
				CURRENT_PROJECT_VERSION = 1;
				DEVELOPMENT_ASSET_PATHS = "\"Facebookclone/Preview Content\"";
				ENABLE_PREVIEWS = YES;
				GENERATE_INFOPLIST_FILE = YES;
				INFOPLIST_KEY_UIApplicationSceneManifest_Generation = YES;
				INFOPLIST_KEY_UIApplicationSupportsIndirectInputEvents = YES;
				INFOPLIST_KEY_UILaunchScreen_Generation = YES;
				INFOPLIST_KEY_UISupportedInterfaceOrientations_iPad = "UIInterfaceOrientationPortrait UIInterfaceOrientationPortraitUpsideDown UIInterfaceOrientationLandscapeLeft UIInterfaceOrientationLandscapeRight";
				INFOPLIST_KEY_UISupportedInterfaceOrientations_iPhone = "UIInterfaceOrientationPortrait UIInterfaceOrientationLandscapeLeft UIInterfaceOrientationLandscapeRight";
				LD_RUNPATH_SEARCH_PATHS = (
					"$(inherited)",
					"@executable_path/Frameworks",
				);
				MARKETING_VERSION = 1.0;
				PRODUCT_BUNDLE_IDENTIFIER = com.test.Facebookclone;
				PRODUCT_NAME = "$(TARGET_NAME)";
				SWIFT_EMIT_LOC_STRINGS = YES;
				SWIFT_VERSION = 5.0;
				TARGETED_DEVICE_FAMILY = "1,2";
			};
			name = Debug;
		};
		4CC7726B2A5F7CBF0027C645 /* Release */ = {
			isa = XCBuildConfiguration;
			buildSettings = {
				ASSETCATALOG_COMPILER_APPICON_NAME = AppIcon;
				ASSETCATALOG_COMPILER_GLOBAL_ACCENT_COLOR_NAME = AccentColor;
				CODE_SIGN_STYLE = Automatic;
				CURRENT_PROJECT_VERSION = 1;
				DEVELOPMENT_ASSET_PATHS = "\"Facebookclone/Preview Content\"";
				ENABLE_PREVIEWS = YES;
				GENERATE_INFOPLIST_FILE = YES;
				INFOPLIST_KEY_UIApplicationSceneManifest_Generation = YES;
				INFOPLIST_KEY_UIApplicationSupportsIndirectInputEvents = YES;
				INFOPLIST_KEY_UILaunchScreen_Generation = YES;
				INFOPLIST_KEY_UISupportedInterfaceOrientations_iPad = "UIInterfaceOrientationPortrait UIInterfaceOrientationPortraitUpsideDown UIInterfaceOrientationLandscapeLeft UIInterfaceOrientationLandscapeRight";
				INFOPLIST_KEY_UISupportedInterfaceOrientations_iPhone = "UIInterfaceOrientationPortrait UIInterfaceOrientationLandscapeLeft UIInterfaceOrientationLandscapeRight";
				LD_RUNPATH_SEARCH_PATHS = (
					"$(inherited)",
					"@executable_path/Frameworks",
				);
				MARKETING_VERSION = 1.0;
				PRODUCT_BUNDLE_IDENTIFIER = com.test.Facebookclone;
				PRODUCT_NAME = "$(TARGET_NAME)";
				SWIFT_EMIT_LOC_STRINGS = YES;
				SWIFT_VERSION = 5.0;
				TARGETED_DEVICE_FAMILY = "1,2";
			};
			name = Release;
		};
		4CC7726D2A5F7CBF0027C645 /* Debug */ = {
			isa = XCBuildConfiguration;
			buildSettings = {
				ALWAYS_EMBED_SWIFT_STANDARD_LIBRARIES = YES;
				BUNDLE_LOADER = "$(TEST_HOST)";
				CODE_SIGN_STYLE = Automatic;
				CURRENT_PROJECT_VERSION = 1;
				GENERATE_INFOPLIST_FILE = YES;
				IPHONEOS_DEPLOYMENT_TARGET = 16.4;
				MARKETING_VERSION = 1.0;
				PRODUCT_BUNDLE_IDENTIFIER = com.test.FacebookcloneTests;
				PRODUCT_NAME = "$(TARGET_NAME)";
				SWIFT_EMIT_LOC_STRINGS = NO;
				SWIFT_VERSION = 5.0;
				TARGETED_DEVICE_FAMILY = "1,2";
				TEST_HOST = "$(BUILT_PRODUCTS_DIR)/Facebookclone.app/$(BUNDLE_EXECUTABLE_FOLDER_PATH)/Facebookclone";
			};
			name = Debug;
		};
		4CC7726E2A5F7CBF0027C645 /* Release */ = {
			isa = XCBuildConfiguration;
			buildSettings = {
				ALWAYS_EMBED_SWIFT_STANDARD_LIBRARIES = YES;
				BUNDLE_LOADER = "$(TEST_HOST)";
				CODE_SIGN_STYLE = Automatic;
				CURRENT_PROJECT_VERSION = 1;
				GENERATE_INFOPLIST_FILE = YES;
				IPHONEOS_DEPLOYMENT_TARGET = 16.4;
				MARKETING_VERSION = 1.0;
				PRODUCT_BUNDLE_IDENTIFIER = com.test.FacebookcloneTests;
				PRODUCT_NAME = "$(TARGET_NAME)";
				SWIFT_EMIT_LOC_STRINGS = NO;
				SWIFT_VERSION = 5.0;
				TARGETED_DEVICE_FAMILY = "1,2";
				TEST_HOST = "$(BUILT_PRODUCTS_DIR)/Facebookclone.app/$(BUNDLE_EXECUTABLE_FOLDER_PATH)/Facebookclone";
			};
			name = Release;
		};
		4CC772702A5F7CBF0027C645 /* Debug */ = {
			isa = XCBuildConfiguration;
			buildSettings = {
				ALWAYS_EMBED_SWIFT_STANDARD_LIBRARIES = YES;
				CODE_SIGN_STYLE = Automatic;
				CURRENT_PROJECT_VERSION = 1;
				GENERATE_INFOPLIST_FILE = YES;
				MARKETING_VERSION = 1.0;
				PRODUCT_BUNDLE_IDENTIFIER = com.test.FacebookcloneUITests;
				PRODUCT_NAME = "$(TARGET_NAME)";
				SWIFT_EMIT_LOC_STRINGS = NO;
				SWIFT_VERSION = 5.0;
				TARGETED_DEVICE_FAMILY = "1,2";
				TEST_TARGET_NAME = Facebookclone;
			};
			name = Debug;
		};
		4CC772712A5F7CBF0027C645 /* Release */ = {
			isa = XCBuildConfiguration;
			buildSettings = {
				ALWAYS_EMBED_SWIFT_STANDARD_LIBRARIES = YES;
				CODE_SIGN_STYLE = Automatic;
				CURRENT_PROJECT_VERSION = 1;
				GENERATE_INFOPLIST_FILE = YES;
				MARKETING_VERSION = 1.0;
				PRODUCT_BUNDLE_IDENTIFIER = com.test.FacebookcloneUITests;
				PRODUCT_NAME = "$(TARGET_NAME)";
				SWIFT_EMIT_LOC_STRINGS = NO;
				SWIFT_VERSION = 5.0;
				TARGETED_DEVICE_FAMILY = "1,2";
				TEST_TARGET_NAME = Facebookclone;
			};
			name = Release;
		};
/* End XCBuildConfiguration section */

/* Begin XCConfigurationList section */
		4CC772402A5F7CBE0027C645 /* Build configuration list for PBXProject "Facebookclone" */ = {
			isa = XCConfigurationList;
			buildConfigurations = (
				4CC772672A5F7CBF0027C645 /* Debug */,
				4CC772682A5F7CBF0027C645 /* Release */,
			);
			defaultConfigurationIsVisible = 0;
			defaultConfigurationName = Release;
		};
		4CC772692A5F7CBF0027C645 /* Build configuration list for PBXNativeTarget "Facebookclone" */ = {
			isa = XCConfigurationList;
			buildConfigurations = (
				4CC7726A2A5F7CBF0027C645 /* Debug */,
				4CC7726B2A5F7CBF0027C645 /* Release */,
			);
			defaultConfigurationIsVisible = 0;
			defaultConfigurationName = Release;
		};
		4CC7726C2A5F7CBF0027C645 /* Build configuration list for PBXNativeTarget "FacebookcloneTests" */ = {
			isa = XCConfigurationList;
			buildConfigurations = (
				4CC7726D2A5F7CBF0027C645 /* Debug */,
				4CC7726E2A5F7CBF0027C645 /* Release */,
			);
			defaultConfigurationIsVisible = 0;
			defaultConfigurationName = Release;
		};
		4CC7726F2A5F7CBF0027C645 /* Build configuration list for PBXNativeTarget "FacebookcloneUITests" */ = {
			isa = XCConfigurationList;
			buildConfigurations = (
				4CC772702A5F7CBF0027C645 /* Debug */,
				4CC772712A5F7CBF0027C645 /* Release */,
			);
			defaultConfigurationIsVisible = 0;
			defaultConfigurationName = Release;
		};
/* End XCConfigurationList section */
	};
	rootObject = 4CC7723D2A5F7CBE0027C645 /* Project object */;
}
